// !$*UTF8*$!
{
	archiveVersion = 1;
	classes = {
	};
	objectVersion = 50;
	objects = {

/* Begin PBXBuildFile section */
		AE01CACF250BB4E800CA6002 /* AppDelegate.swift in Sources */ = {isa = PBXBuildFile; fileRef = AE01CACE250BB4E800CA6002 /* AppDelegate.swift */; };
		AE01CAD1250BB4E800CA6002 /* SceneDelegate.swift in Sources */ = {isa = PBXBuildFile; fileRef = AE01CAD0250BB4E800CA6002 /* SceneDelegate.swift */; };
		AE01CAD3250BB4E800CA6002 /* ViewController.swift in Sources */ = {isa = PBXBuildFile; fileRef = AE01CAD2250BB4E800CA6002 /* ViewController.swift */; };
		AE01CAD6250BB4E800CA6002 /* Main.storyboard in Resources */ = {isa = PBXBuildFile; fileRef = AE01CAD4250BB4E800CA6002 /* Main.storyboard */; };
		AE01CAD8250BB4EB00CA6002 /* Assets.xcassets in Resources */ = {isa = PBXBuildFile; fileRef = AE01CAD7250BB4EB00CA6002 /* Assets.xcassets */; };
		AE01CADB250BB4EB00CA6002 /* LaunchScreen.storyboard in Resources */ = {isa = PBXBuildFile; fileRef = AE01CAD9250BB4EB00CA6002 /* LaunchScreen.storyboard */; };
		AE01CAEB250CB2E100CA6002 /* cannon.mp3 in Resources */ = {isa = PBXBuildFile; fileRef = AE01CAE4250CB2E100CA6002 /* cannon.mp3 */; };
		AE01CAEC250CB2E100CA6002 /* elise.mp3 in Resources */ = {isa = PBXBuildFile; fileRef = AE01CAE5250CB2E100CA6002 /* elise.mp3 */; };
		AE01CAED250CB2E100CA6002 /* aria.mp3 in Resources */ = {isa = PBXBuildFile; fileRef = AE01CAE6250CB2E100CA6002 /* aria.mp3 */; };
		AE01CAEE250CB2E100CA6002 /* Beethoven.jpg in Resources */ = {isa = PBXBuildFile; fileRef = AE01CAE8250CB2E100CA6002 /* Beethoven.jpg */; };
		AE01CAEF250CB2E100CA6002 /* Pachelbel.jpg in Resources */ = {isa = PBXBuildFile; fileRef = AE01CAE9250CB2E100CA6002 /* Pachelbel.jpg */; };
		AE01CAF0250CB2E100CA6002 /* Bach.jpg in Resources */ = {isa = PBXBuildFile; fileRef = AE01CAEA250CB2E100CA6002 /* Bach.jpg */; };
/* End PBXBuildFile section */

/* Begin PBXFileReference section */
		AE01CACB250BB4E800CA6002 /* TechPodL4S.app */ = {isa = PBXFileReference; explicitFileType = wrapper.application; includeInIndex = 0; path = TechPodL4S.app; sourceTree = BUILT_PRODUCTS_DIR; };
		AE01CACE250BB4E800CA6002 /* AppDelegate.swift */ = {isa = PBXFileReference; lastKnownFileType = sourcecode.swift; path = AppDelegate.swift; sourceTree = "<group>"; };
		AE01CAD0250BB4E800CA6002 /* SceneDelegate.swift */ = {isa = PBXFileReference; lastKnownFileType = sourcecode.swift; path = SceneDelegate.swift; sourceTree = "<group>"; };
		AE01CAD2250BB4E800CA6002 /* ViewController.swift */ = {isa = PBXFileReference; lastKnownFileType = sourcecode.swift; path = ViewController.swift; sourceTree = "<group>"; };
		AE01CAD5250BB4E800CA6002 /* Base */ = {isa = PBXFileReference; lastKnownFileType = file.storyboard; name = Base; path = Base.lproj/Main.storyboard; sourceTree = "<group>"; };
		AE01CAD7250BB4EB00CA6002 /* Assets.xcassets */ = {isa = PBXFileReference; lastKnownFileType = folder.assetcatalog; path = Assets.xcassets; sourceTree = "<group>"; };
		AE01CADA250BB4EB00CA6002 /* Base */ = {isa = PBXFileReference; lastKnownFileType = file.storyboard; name = Base; path = Base.lproj/LaunchScreen.storyboard; sourceTree = "<group>"; };
		AE01CADC250BB4EB00CA6002 /* Info.plist */ = {isa = PBXFileReference; lastKnownFileType = text.plist.xml; path = Info.plist; sourceTree = "<group>"; };
		AE01CAE4250CB2E100CA6002 /* cannon.mp3 */ = {isa = PBXFileReference; lastKnownFileType = audio.mp3; path = cannon.mp3; sourceTree = "<group>"; };
		AE01CAE5250CB2E100CA6002 /* elise.mp3 */ = {isa = PBXFileReference; lastKnownFileType = audio.mp3; path = elise.mp3; sourceTree = "<group>"; };
		AE01CAE6250CB2E100CA6002 /* aria.mp3 */ = {isa = PBXFileReference; lastKnownFileType = audio.mp3; path = aria.mp3; sourceTree = "<group>"; };
		AE01CAE8250CB2E100CA6002 /* Beethoven.jpg */ = {isa = PBXFileReference; lastKnownFileType = image.jpeg; path = Beethoven.jpg; sourceTree = "<group>"; };
		AE01CAE9250CB2E100CA6002 /* Pachelbel.jpg */ = {isa = PBXFileReference; lastKnownFileType = image.jpeg; path = Pachelbel.jpg; sourceTree = "<group>"; };
		AE01CAEA250CB2E100CA6002 /* Bach.jpg */ = {isa = PBXFileReference; lastKnownFileType = image.jpeg; path = Bach.jpg; sourceTree = "<group>"; };
/* End PBXFileReference section */

/* Begin PBXFrameworksBuildPhase section */
		AE01CAC8250BB4E800CA6002 /* Frameworks */ = {
			isa = PBXFrameworksBuildPhase;
			buildActionMask = 2147483647;
			files = (
			);
			runOnlyForDeploymentPostprocessing = 0;
		};
/* End PBXFrameworksBuildPhase section */

/* Begin PBXGroup section */
		AE01CAC2250BB4E800CA6002 = {
			isa = PBXGroup;
			children = (
				AE01CACD250BB4E800CA6002 /* TechPodL4S */,
				AE01CACC250BB4E800CA6002 /* Products */,
			);
			sourceTree = "<group>";
		};
		AE01CACC250BB4E800CA6002 /* Products */ = {
			isa = PBXGroup;
			children = (
				AE01CACB250BB4E800CA6002 /* TechPodL4S.app */,
			);
			name = Products;
			sourceTree = "<group>";
		};
		AE01CACD250BB4E800CA6002 /* TechPodL4S */ = {
			isa = PBXGroup;
			children = (
				AE01CAE2250CB2E100CA6002 /* Resources */,
				AE01CACE250BB4E800CA6002 /* AppDelegate.swift */,
				AE01CAD0250BB4E800CA6002 /* SceneDelegate.swift */,
				AE01CAD2250BB4E800CA6002 /* ViewController.swift */,
				AE01CAD4250BB4E800CA6002 /* Main.storyboard */,
				AE01CAD7250BB4EB00CA6002 /* Assets.xcassets */,
				AE01CAD9250BB4EB00CA6002 /* LaunchScreen.storyboard */,
				AE01CADC250BB4EB00CA6002 /* Info.plist */,
			);
			path = TechPodL4S;
			sourceTree = "<group>";
		};
		AE01CAE2250CB2E100CA6002 /* Resources */ = {
			isa = PBXGroup;
			children = (
				AE01CAE3250CB2E100CA6002 /* Songs */,
				AE01CAE7250CB2E100CA6002 /* Images */,
			);
			path = Resources;
			sourceTree = SOURCE_ROOT;
		};
		AE01CAE3250CB2E100CA6002 /* Songs */ = {
			isa = PBXGroup;
			children = (
				AE01CAE4250CB2E100CA6002 /* cannon.mp3 */,
				AE01CAE5250CB2E100CA6002 /* elise.mp3 */,
				AE01CAE6250CB2E100CA6002 /* aria.mp3 */,
			);
			path = Songs;
			sourceTree = "<group>";
		};
		AE01CAE7250CB2E100CA6002 /* Images */ = {
			isa = PBXGroup;
			children = (
				AE01CAE8250CB2E100CA6002 /* Beethoven.jpg */,
				AE01CAE9250CB2E100CA6002 /* Pachelbel.jpg */,
				AE01CAEA250CB2E100CA6002 /* Bach.jpg */,
			);
			path = Images;
			sourceTree = "<group>";
		};
/* End PBXGroup section */

/* Begin PBXNativeTarget section */
		AE01CACA250BB4E800CA6002 /* TechPodL4S */ = {
			isa = PBXNativeTarget;
			buildConfigurationList = AE01CADF250BB4EB00CA6002 /* Build configuration list for PBXNativeTarget "TechPodL4S" */;
			buildPhases = (
				AE01CAC7250BB4E800CA6002 /* Sources */,
				AE01CAC8250BB4E800CA6002 /* Frameworks */,
				AE01CAC9250BB4E800CA6002 /* Resources */,
			);
			buildRules = (
			);
			dependencies = (
			);
			name = TechPodL4S;
			productName = TechPodL4S;
			productReference = AE01CACB250BB4E800CA6002 /* TechPodL4S.app */;
			productType = "com.apple.product-type.application";
		};
/* End PBXNativeTarget section */

/* Begin PBXProject section */
		AE01CAC3250BB4E800CA6002 /* Project object */ = {
			isa = PBXProject;
			attributes = {
				LastSwiftUpdateCheck = 1140;
				LastUpgradeCheck = 1140;
				ORGANIZATIONNAME = "esaki yuKki";
				TargetAttributes = {
					AE01CACA250BB4E800CA6002 = {
						CreatedOnToolsVersion = 11.4.1;
					};
				};
			};
			buildConfigurationList = AE01CAC6250BB4E800CA6002 /* Build configuration list for PBXProject "TechPodL4S" */;
			compatibilityVersion = "Xcode 9.3";
			developmentRegion = en;
			hasScannedForEncodings = 0;
			knownRegions = (
				en,
				Base,
			);
			mainGroup = AE01CAC2250BB4E800CA6002;
			productRefGroup = AE01CACC250BB4E800CA6002 /* Products */;
			projectDirPath = "";
			projectRoot = "";
			targets = (
				AE01CACA250BB4E800CA6002 /* TechPodL4S */,
			);
		};
/* End PBXProject section */

/* Begin PBXResourcesBuildPhase section */
		AE01CAC9250BB4E800CA6002 /* Resources */ = {
			isa = PBXResourcesBuildPhase;
			buildActionMask = 2147483647;
			files = (
				AE01CADB250BB4EB00CA6002 /* LaunchScreen.storyboard in Resources */,
				AE01CAEB250CB2E100CA6002 /* cannon.mp3 in Resources */,
				AE01CAF0250CB2E100CA6002 /* Bach.jpg in Resources */,
				AE01CAEC250CB2E100CA6002 /* elise.mp3 in Resources */,
				AE01CAD8250BB4EB00CA6002 /* Assets.xcassets in Resources */,
				AE01CAEF250CB2E100CA6002 /* Pachelbel.jpg in Resources */,
				AE01CAD6250BB4E800CA6002 /* Main.storyboard in Resources */,
				AE01CAED250CB2E100CA6002 /* aria.mp3 in Resources */,
				AE01CAEE250CB2E100CA6002 /* Beethoven.jpg in Resources */,
			);
			runOnlyForDeploymentPostprocessing = 0;
		};
/* End PBXResourcesBuildPhase section */

/* Begin PBXSourcesBuildPhase section */
		AE01CAC7250BB4E800CA6002 /* Sources */ = {
			isa = PBXSourcesBuildPhase;
			buildActionMask = 2147483647;
			files = (
				AE01CAD3250BB4E800CA6002 /* ViewController.swift in Sources */,
				AE01CACF250BB4E800CA6002 /* AppDelegate.swift in Sources */,
				AE01CAD1250BB4E800CA6002 /* SceneDelegate.swift in Sources */,
			);
			runOnlyForDeploymentPostprocessing = 0;
		};
/* End PBXSourcesBuildPhase section */

/* Begin PBXVariantGroup section */
		AE01CAD4250BB4E800CA6002 /* Main.storyboard */ = {
			isa = PBXVariantGroup;
			children = (
				AE01CAD5250BB4E800CA6002 /* Base */,
			);
			name = Main.storyboard;
			sourceTree = "<group>";
		};
		AE01CAD9250BB4EB00CA6002 /* LaunchScreen.storyboard */ = {
			isa = PBXVariantGroup;
			children = (
				AE01CADA250BB4EB00CA6002 /* Base */,
			);
			name = LaunchScreen.storyboard;
			sourceTree = "<group>";
		};
/* End PBXVariantGroup section */

/* Begin XCBuildConfiguration section */
		AE01CADD250BB4EB00CA6002 /* Debug */ = {
			isa = XCBuildConfiguration;
			buildSettings = {
				ALWAYS_SEARCH_USER_PATHS = NO;
				CLANG_ANALYZER_NONNULL = YES;
				CLANG_ANALYZER_NUMBER_OBJECT_CONVERSION = YES_AGGRESSIVE;
				CLANG_CXX_LANGUAGE_STANDARD = "gnu++14";
				CLANG_CXX_LIBRARY = "libc++";
				CLANG_ENABLE_MODULES = YES;
				CLANG_ENABLE_OBJC_ARC = YES;
				CLANG_ENABLE_OBJC_WEAK = YES;
				CLANG_WARN_BLOCK_CAPTURE_AUTORELEASING = YES;
				CLANG_WARN_BOOL_CONVERSION = YES;
				CLANG_WARN_COMMA = YES;
				CLANG_WARN_CONSTANT_CONVERSION = YES;
				CLANG_WARN_DEPRECATED_OBJC_IMPLEMENTATIONS = YES;
				CLANG_WARN_DIRECT_OBJC_ISA_USAGE = YES_ERROR;
				CLANG_WARN_DOCUMENTATION_COMMENTS = YES;
				CLANG_WARN_EMPTY_BODY = YES;
				CLANG_WARN_ENUM_CONVERSION = YES;
				CLANG_WARN_INFINITE_RECURSION = YES;
				CLANG_WARN_INT_CONVERSION = YES;
				CLANG_WARN_NON_LITERAL_NULL_CONVERSION = YES;
				CLANG_WARN_OBJC_IMPLICIT_RETAIN_SELF = YES;
				CLANG_WARN_OBJC_LITERAL_CONVERSION = YES;
				CLANG_WARN_OBJC_ROOT_CLASS = YES_ERROR;
				CLANG_WARN_RANGE_LOOP_ANALYSIS = YES;
				CLANG_WARN_STRICT_PROTOTYPES = YES;
				CLANG_WARN_SUSPICIOUS_MOVE = YES;
				CLANG_WARN_UNGUARDED_AVAILABILITY = YES_AGGRESSIVE;
				CLANG_WARN_UNREACHABLE_CODE = YES;
				CLANG_WARN__DUPLICATE_METHOD_MATCH = YES;
				COPY_PHASE_STRIP = NO;
				DEBUG_INFORMATION_FORMAT = dwarf;
				ENABLE_STRICT_OBJC_MSGSEND = YES;
				ENABLE_TESTABILITY = YES;
				GCC_C_LANGUAGE_STANDARD = gnu11;
				GCC_DYNAMIC_NO_PIC = NO;
				GCC_NO_COMMON_BLOCKS = YES;
				GCC_OPTIMIZATION_LEVEL = 0;
				GCC_PREPROCESSOR_DEFINITIONS = (
					"DEBUG=1",
					"$(inherited)",
				);
				GCC_WARN_64_TO_32_BIT_CONVERSION = YES;
				GCC_WARN_ABOUT_RETURN_TYPE = YES_ERROR;
				GCC_WARN_UNDECLARED_SELECTOR = YES;
				GCC_WARN_UNINITIALIZED_AUTOS = YES_AGGRESSIVE;
				GCC_WARN_UNUSED_FUNCTION = YES;
				GCC_WARN_UNUSED_VARIABLE = YES;
				IPHONEOS_DEPLOYMENT_TARGET = 13.4;
				MTL_ENABLE_DEBUG_INFO = INCLUDE_SOURCE;
				MTL_FAST_MATH = YES;
				ONLY_ACTIVE_ARCH = YES;
				SDKROOT = iphoneos;
				SWIFT_ACTIVE_COMPILATION_CONDITIONS = DEBUG;
				SWIFT_OPTIMIZATION_LEVEL = "-Onone";
			};
			name = Debug;
		};
		AE01CADE250BB4EB00CA6002 /* Release */ = {
			isa = XCBuildConfiguration;
			buildSettings = {
				ALWAYS_SEARCH_USER_PATHS = NO;
				CLANG_ANALYZER_NONNULL = YES;
				CLANG_ANALYZER_NUMBER_OBJECT_CONVERSION = YES_AGGRESSIVE;
				CLANG_CXX_LANGUAGE_STANDARD = "gnu++14";
				CLANG_CXX_LIBRARY = "libc++";
				CLANG_ENABLE_MODULES = YES;
				CLANG_ENABLE_OBJC_ARC = YES;
				CLANG_ENABLE_OBJC_WEAK = YES;
				CLANG_WARN_BLOCK_CAPTURE_AUTORELEASING = YES;
				CLANG_WARN_BOOL_CONVERSION = YES;
				CLANG_WARN_COMMA = YES;
				CLANG_WARN_CONSTANT_CONVERSION = YES;
				CLANG_WARN_DEPRECATED_OBJC_IMPLEMENTATIONS = YES;
				CLANG_WARN_DIRECT_OBJC_ISA_USAGE = YES_ERROR;
				CLANG_WARN_DOCUMENTATION_COMMENTS = YES;
				CLANG_WARN_EMPTY_BODY = YES;
				CLANG_WARN_ENUM_CONVERSION = YES;
				CLANG_WARN_INFINITE_RECURSION = YES;
				CLANG_WARN_INT_CONVERSION = YES;
				CLANG_WARN_NON_LITERAL_NULL_CONVERSION = YES;
				CLANG_WARN_OBJC_IMPLICIT_RETAIN_SELF = YES;
				CLANG_WARN_OBJC_LITERAL_CONVERSION = YES;
				CLANG_WARN_OBJC_ROOT_CLASS = YES_ERROR;
				CLANG_WARN_RANGE_LOOP_ANALYSIS = YES;
				CLANG_WARN_STRICT_PROTOTYPES = YES;
				CLANG_WARN_SUSPICIOUS_MOVE = YES;
				CLANG_WARN_UNGUARDED_AVAILABILITY = YES_AGGRESSIVE;
				CLANG_WARN_UNREACHABLE_CODE = YES;
				CLANG_WARN__DUPLICATE_METHOD_MATCH = YES;
				COPY_PHASE_STRIP = NO;
				DEBUG_INFORMATION_FORMAT = "dwarf-with-dsym";
				ENABLE_NS_ASSERTIONS = NO;
				ENABLE_STRICT_OBJC_MSGSEND = YES;
				GCC_C_LANGUAGE_STANDARD = gnu11;
				GCC_NO_COMMON_BLOCKS = YES;
				GCC_WARN_64_TO_32_BIT_CONVERSION = YES;
				GCC_WARN_ABOUT_RETURN_TYPE = YES_ERROR;
				GCC_WARN_UNDECLARED_SELECTOR = YES;
				GCC_WARN_UNINITIALIZED_AUTOS = YES_AGGRESSIVE;
				GCC_WARN_UNUSED_FUNCTION = YES;
				GCC_WARN_UNUSED_VARIABLE = YES;
				IPHONEOS_DEPLOYMENT_TARGET = 13.4;
				MTL_ENABLE_DEBUG_INFO = NO;
				MTL_FAST_MATH = YES;
				SDKROOT = iphoneos;
				SWIFT_COMPILATION_MODE = wholemodule;
				SWIFT_OPTIMIZATION_LEVEL = "-O";
				VALIDATE_PRODUCT = YES;
			};
			name = Release;
		};
		AE01CAE0250BB4EB00CA6002 /* Debug */ = {
			isa = XCBuildConfiguration;
			buildSettings = {
				ASSETCATALOG_COMPILER_APPICON_NAME = AppIcon;
				CODE_SIGN_STYLE = Automatic;
				INFOPLIST_FILE = TechPodL4S/Info.plist;
				LD_RUNPATH_SEARCH_PATHS = (
					"$(inherited)",
					"@executable_path/Frameworks",
				);
				PRODUCT_BUNDLE_IDENTIFIER = app.esaki.yukki.TechPodL4S;
				PRODUCT_NAME = "$(TARGET_NAME)";
				SWIFT_VERSION = 5.0;
				TARGETED_DEVICE_FAMILY = "1,2";
			};
			name = Debug;
		};
		AE01CAE1250BB4EB00CA6002 /* Release */ = {
			isa = XCBuildConfiguration;
			buildSettings = {
				ASSETCATALOG_COMPILER_APPICON_NAME = AppIcon;
				CODE_SIGN_STYLE = Automatic;
				INFOPLIST_FILE = TechPodL4S/Info.plist;
				LD_RUNPATH_SEARCH_PATHS = (
					"$(inherited)",
					"@executable_path/Frameworks",
				);
				PRODUCT_BUNDLE_IDENTIFIER = app.esaki.yukki.TechPodL4S;
				PRODUCT_NAME = "$(TARGET_NAME)";
				SWIFT_VERSION = 5.0;
				TARGETED_DEVICE_FAMILY = "1,2";
			};
			name = Release;
		};
/* End XCBuildConfiguration section */

/* Begin XCConfigurationList section */
		AE01CAC6250BB4E800CA6002 /* Build configuration list for PBXProject "TechPodL4S" */ = {
			isa = XCConfigurationList;
			buildConfigurations = (
				AE01CADD250BB4EB00CA6002 /* Debug */,
				AE01CADE250BB4EB00CA6002 /* Release */,
			);
			defaultConfigurationIsVisible = 0;
			defaultConfigurationName = Release;
		};
		AE01CADF250BB4EB00CA6002 /* Build configuration list for PBXNativeTarget "TechPodL4S" */ = {
			isa = XCConfigurationList;
			buildConfigurations = (
				AE01CAE0250BB4EB00CA6002 /* Debug */,
				AE01CAE1250BB4EB00CA6002 /* Release */,
			);
			defaultConfigurationIsVisible = 0;
			defaultConfigurationName = Release;
		};
/* End XCConfigurationList section */
	};
	rootObject = AE01CAC3250BB4E800CA6002 /* Project object */;
}
